
Microsoft Visual Studio Solution File, Format Version 12.00
# Visual Studio 15
VisualStudioVersion = 15.0.27130.2010
MinimumVisualStudioVersion = 10.0.40219.1
Project("{8BC9CEB8-8B4A-11D0-8D11-00A0C91BC942}") = "13일차", "13일차\13일차.vcxproj", "{87168729-9B6E-43D0-9362-B1BFE6311B74}"
EndProject
Project("{8BC9CEB8-8B4A-11D0-8D11-00A0C91BC942}") = "13일차_1", "13일차_1\13일차_1.vcxproj", "{05EAF549-D327-44AD-BD21-7750F20FCA3B}"
EndProject
Project("{8BC9CEB8-8B4A-11D0-8D11-00A0C91BC942}") = "13일차_2", "13일차_2\13일차_2.vcxproj", "{67F77139-3DB5-4E67-B7ED-8B01A7C45A22}"
EndProject
Project("{8BC9CEB8-8B4A-11D0-8D11-00A0C91BC942}") = "13일차_3", "13일차_3\13일차_3.vcxproj", "{46A0F418-AC7D-4722-B099-BBF00D96871B}"
EndProject
Project("{8BC9CEB8-8B4A-11D0-8D11-00A0C91BC942}") = "13일차_4", "13일차_4\13일차_4.vcxproj", "{4C4206AF-44B9-4291-B3C2-C0D8E061F8E5}"
EndProject
Project("{8BC9CEB8-8B4A-11D0-8D11-00A0C91BC942}") = "13일차_5", "13일차_5\13일차_5.vcxproj", "{79E99522-E7EC-4EB4-B3E9-CCBFFD1E9F05}"
EndProject
Project("{8BC9CEB8-8B4A-11D0-8D11-00A0C91BC942}") = "13일차_6", "13일차_6\13일차_6.vcxproj", "{E468DF9F-573E-4FB5-96DA-481F6830A645}"
EndProject
Project("{8BC9CEB8-8B4A-11D0-8D11-00A0C91BC942}") = "13일차_7", "13일차_7\13일차_7.vcxproj", "{3251A78F-A199-4C9D-BBEE-7EA70B0A2CFA}"
EndProject
Project("{8BC9CEB8-8B4A-11D0-8D11-00A0C91BC942}") = "13일차_8", "13일차_8\13일차_8.vcxproj", "{273A90CC-A809-4C08-983E-B04704B9793A}"
EndProject
Project("{8BC9CEB8-8B4A-11D0-8D11-00A0C91BC942}") = "13일차_9", "13일차_9\13일차_9.vcxproj", "{A5249D91-4D69-46AF-837E-B77FFA132467}"
EndProject
Project("{8BC9CEB8-8B4A-11D0-8D11-00A0C91BC942}") = "13일차_A", "13일차_A\13일차_A.vcxproj", "{1A6F666F-5BAB-4E98-8F8A-7182D89A6B1D}"
EndProject
Global
	GlobalSection(SolutionConfigurationPlatforms) = preSolution
		Debug|x64 = Debug|x64
		Debug|x86 = Debug|x86
		Release|x64 = Release|x64
		Release|x86 = Release|x86
	EndGlobalSection
	GlobalSection(ProjectConfigurationPlatforms) = postSolution
		{87168729-9B6E-43D0-9362-B1BFE6311B74}.Debug|x64.ActiveCfg = Debug|x64
		{87168729-9B6E-43D0-9362-B1BFE6311B74}.Debug|x64.Build.0 = Debug|x64
		{87168729-9B6E-43D0-9362-B1BFE6311B74}.Debug|x86.ActiveCfg = Debug|Win32
		{87168729-9B6E-43D0-9362-B1BFE6311B74}.Debug|x86.Build.0 = Debug|Win32
		{87168729-9B6E-43D0-9362-B1BFE6311B74}.Release|x64.ActiveCfg = Release|x64
		{87168729-9B6E-43D0-9362-B1BFE6311B74}.Release|x64.Build.0 = Release|x64
		{87168729-9B6E-43D0-9362-B1BFE6311B74}.Release|x86.ActiveCfg = Release|Win32
		{87168729-9B6E-43D0-9362-B1BFE6311B74}.Release|x86.Build.0 = Release|Win32
		{05EAF549-D327-44AD-BD21-7750F20FCA3B}.Debug|x64.ActiveCfg = Debug|x64
		{05EAF549-D327-44AD-BD21-7750F20FCA3B}.Debug|x64.Build.0 = Debug|x64
		{05EAF549-D327-44AD-BD21-7750F20FCA3B}.Debug|x86.ActiveCfg = Debug|Win32
		{05EAF549-D327-44AD-BD21-7750F20FCA3B}.Debug|x86.Build.0 = Debug|Win32
		{05EAF549-D327-44AD-BD21-7750F20FCA3B}.Release|x64.ActiveCfg = Release|x64
		{05EAF549-D327-44AD-BD21-7750F20FCA3B}.Release|x64.Build.0 = Release|x64
		{05EAF549-D327-44AD-BD21-7750F20FCA3B}.Release|x86.ActiveCfg = Release|Win32
		{05EAF549-D327-44AD-BD21-7750F20FCA3B}.Release|x86.Build.0 = Release|Win32
		{67F77139-3DB5-4E67-B7ED-8B01A7C45A22}.Debug|x64.ActiveCfg = Debug|x64
		{67F77139-3DB5-4E67-B7ED-8B01A7C45A22}.Debug|x64.Build.0 = Debug|x64
		{67F77139-3DB5-4E67-B7ED-8B01A7C45A22}.Debug|x86.ActiveCfg = Debug|Win32
		{67F77139-3DB5-4E67-B7ED-8B01A7C45A22}.Debug|x86.Build.0 = Debug|Win32
		{67F77139-3DB5-4E67-B7ED-8B01A7C45A22}.Release|x64.ActiveCfg = Release|x64
		{67F77139-3DB5-4E67-B7ED-8B01A7C45A22}.Release|x64.Build.0 = Release|x64
		{67F77139-3DB5-4E67-B7ED-8B01A7C45A22}.Release|x86.ActiveCfg = Release|Win32
		{67F77139-3DB5-4E67-B7ED-8B01A7C45A22}.Release|x86.Build.0 = Release|Win32
		{46A0F418-AC7D-4722-B099-BBF00D96871B}.Debug|x64.ActiveCfg = Debug|x64
		{46A0F418-AC7D-4722-B099-BBF00D96871B}.Debug|x64.Build.0 = Debug|x64
		{46A0F418-AC7D-4722-B099-BBF00D96871B}.Debug|x86.ActiveCfg = Debug|Win32
		{46A0F418-AC7D-4722-B099-BBF00D96871B}.Debug|x86.Build.0 = Debug|Win32
		{46A0F418-AC7D-4722-B099-BBF00D96871B}.Release|x64.ActiveCfg = Release|x64
		{46A0F418-AC7D-4722-B099-BBF00D96871B}.Release|x64.Build.0 = Release|x64
		{46A0F418-AC7D-4722-B099-BBF00D96871B}.Release|x86.ActiveCfg = Release|Win32
		{46A0F418-AC7D-4722-B099-BBF00D96871B}.Release|x86.Build.0 = Release|Win32
		{4C4206AF-44B9-4291-B3C2-C0D8E061F8E5}.Debug|x64.ActiveCfg = Debug|x64
		{4C4206AF-44B9-4291-B3C2-C0D8E061F8E5}.Debug|x64.Build.0 = Debug|x64
		{4C4206AF-44B9-4291-B3C2-C0D8E061F8E5}.Debug|x86.ActiveCfg = Debug|Win32
		{4C4206AF-44B9-4291-B3C2-C0D8E061F8E5}.Debug|x86.Build.0 = Debug|Win32
		{4C4206AF-44B9-4291-B3C2-C0D8E061F8E5}.Release|x64.ActiveCfg = Release|x64
		{4C4206AF-44B9-4291-B3C2-C0D8E061F8E5}.Release|x64.Build.0 = Release|x64
		{4C4206AF-44B9-4291-B3C2-C0D8E061F8E5}.Release|x86.ActiveCfg = Release|Win32
		{4C4206AF-44B9-4291-B3C2-C0D8E061F8E5}.Release|x86.Build.0 = Release|Win32
		{79E99522-E7EC-4EB4-B3E9-CCBFFD1E9F05}.Debug|x64.ActiveCfg = Debug|x64
		{79E99522-E7EC-4EB4-B3E9-CCBFFD1E9F05}.Debug|x64.Build.0 = Debug|x64
		{79E99522-E7EC-4EB4-B3E9-CCBFFD1E9F05}.Debug|x86.ActiveCfg = Debug|Win32
		{79E99522-E7EC-4EB4-B3E9-CCBFFD1E9F05}.Debug|x86.Build.0 = Debug|Win32
		{79E99522-E7EC-4EB4-B3E9-CCBFFD1E9F05}.Release|x64.ActiveCfg = Release|x64
		{79E99522-E7EC-4EB4-B3E9-CCBFFD1E9F05}.Release|x64.Build.0 = Release|x64
		{79E99522-E7EC-4EB4-B3E9-CCBFFD1E9F05}.Release|x86.ActiveCfg = Release|Win32
		{79E99522-E7EC-4EB4-B3E9-CCBFFD1E9F05}.Release|x86.Build.0 = Release|Win32
		{E468DF9F-573E-4FB5-96DA-481F6830A645}.Debug|x64.ActiveCfg = Debug|x64
		{E468DF9F-573E-4FB5-96DA-481F6830A645}.Debug|x64.Build.0 = Debug|x64
		{E468DF9F-573E-4FB5-96DA-481F6830A645}.Debug|x86.ActiveCfg = Debug|Win32
		{E468DF9F-573E-4FB5-96DA-481F6830A645}.Debug|x86.Build.0 = Debug|Win32
		{E468DF9F-573E-4FB5-96DA-481F6830A645}.Release|x64.ActiveCfg = Release|x64
		{E468DF9F-573E-4FB5-96DA-481F6830A645}.Release|x64.Build.0 = Release|x64
		{E468DF9F-573E-4FB5-96DA-481F6830A645}.Release|x86.ActiveCfg = Release|Win32
		{E468DF9F-573E-4FB5-96DA-481F6830A645}.Release|x86.Build.0 = Release|Win32
		{3251A78F-A199-4C9D-BBEE-7EA70B0A2CFA}.Debug|x64.ActiveCfg = Debug|x64
		{3251A78F-A199-4C9D-BBEE-7EA70B0A2CFA}.Debug|x64.Build.0 = Debug|x64
		{3251A78F-A199-4C9D-BBEE-7EA70B0A2CFA}.Debug|x86.ActiveCfg = Debug|Win32
		{3251A78F-A199-4C9D-BBEE-7EA70B0A2CFA}.Debug|x86.Build.0 = Debug|Win32
		{3251A78F-A199-4C9D-BBEE-7EA70B0A2CFA}.Release|x64.ActiveCfg = Release|x64
		{3251A78F-A199-4C9D-BBEE-7EA70B0A2CFA}.Release|x64.Build.0 = Release|x64
		{3251A78F-A199-4C9D-BBEE-7EA70B0A2CFA}.Release|x86.ActiveCfg = Release|Win32
		{3251A78F-A199-4C9D-BBEE-7EA70B0A2CFA}.Release|x86.Build.0 = Release|Win32
		{273A90CC-A809-4C08-983E-B04704B9793A}.Debug|x64.ActiveCfg = Debug|x64
		{273A90CC-A809-4C08-983E-B04704B9793A}.Debug|x64.Build.0 = Debug|x64
		{273A90CC-A809-4C08-983E-B04704B9793A}.Debug|x86.ActiveCfg = Debug|Win32
		{273A90CC-A809-4C08-983E-B04704B9793A}.Debug|x86.Build.0 = Debug|Win32
		{273A90CC-A809-4C08-983E-B04704B9793A}.Release|x64.ActiveCfg = Release|x64
		{273A90CC-A809-4C08-983E-B04704B9793A}.Release|x64.Build.0 = Release|x64
		{273A90CC-A809-4C08-983E-B04704B9793A}.Release|x86.ActiveCfg = Release|Win32
		{273A90CC-A809-4C08-983E-B04704B9793A}.Release|x86.Build.0 = Release|Win32
		{A5249D91-4D69-46AF-837E-B77FFA132467}.Debug|x64.ActiveCfg = Debug|x64
		{A5249D91-4D69-46AF-837E-B77FFA132467}.Debug|x64.Build.0 = Debug|x64
		{A5249D91-4D69-46AF-837E-B77FFA132467}.Debug|x86.ActiveCfg = Debug|Win32
		{A5249D91-4D69-46AF-837E-B77FFA132467}.Debug|x86.Build.0 = Debug|Win32
		{A5249D91-4D69-46AF-837E-B77FFA132467}.Release|x64.ActiveCfg = Release|x64
		{A5249D91-4D69-46AF-837E-B77FFA132467}.Release|x64.Build.0 = Release|x64
		{A5249D91-4D69-46AF-837E-B77FFA132467}.Release|x86.ActiveCfg = Release|Win32
		{A5249D91-4D69-46AF-837E-B77FFA132467}.Release|x86.Build.0 = Release|Win32
		{1A6F666F-5BAB-4E98-8F8A-7182D89A6B1D}.Debug|x64.ActiveCfg = Debug|x64
		{1A6F666F-5BAB-4E98-8F8A-7182D89A6B1D}.Debug|x64.Build.0 = Debug|x64
		{1A6F666F-5BAB-4E98-8F8A-7182D89A6B1D}.Debug|x86.ActiveCfg = Debug|Win32
		{1A6F666F-5BAB-4E98-8F8A-7182D89A6B1D}.Debug|x86.Build.0 = Debug|Win32
		{1A6F666F-5BAB-4E98-8F8A-7182D89A6B1D}.Release|x64.ActiveCfg = Release|x64
		{1A6F666F-5BAB-4E98-8F8A-7182D89A6B1D}.Release|x64.Build.0 = Release|x64
		{1A6F666F-5BAB-4E98-8F8A-7182D89A6B1D}.Release|x86.ActiveCfg = Release|Win32
		{1A6F666F-5BAB-4E98-8F8A-7182D89A6B1D}.Release|x86.Build.0 = Release|Win32
	EndGlobalSection
	GlobalSection(SolutionProperties) = preSolution
		HideSolutionNode = FALSE
	EndGlobalSection
	GlobalSection(ExtensibilityGlobals) = postSolution
		SolutionGuid = {7F3E38BB-DA7A-4E72-828A-051FAC02556C}
	EndGlobalSection
EndGlobal
