
Microsoft Visual Studio Solution File, Format Version 12.00
# Visual Studio 15
VisualStudioVersion = 15.0.27130.2010
MinimumVisualStudioVersion = 10.0.40219.1
Project("{8BC9CEB8-8B4A-11D0-8D11-00A0C91BC942}") = "4일차", "4일차\4일차.vcxproj", "{D19F8E06-C727-4354-AFCF-D03F5E0FE6C7}"
EndProject
Project("{8BC9CEB8-8B4A-11D0-8D11-00A0C91BC942}") = "4일차_1", "4일차_1\4일차_1.vcxproj", "{82AAE1F1-5B8C-49F5-B61D-3D644EEC674C}"
EndProject
Project("{8BC9CEB8-8B4A-11D0-8D11-00A0C91BC942}") = "4일차_2", "4일차_2\4일차_2.vcxproj", "{0542AE04-0913-44E7-BD27-2977AF7E7EB1}"
EndProject
Project("{8BC9CEB8-8B4A-11D0-8D11-00A0C91BC942}") = "4일차_3", "4일차_3\4일차_3.vcxproj", "{DC6D5592-3D7C-4DC3-8BAC-0229117F05A1}"
EndProject
Global
	GlobalSection(SolutionConfigurationPlatforms) = preSolution
		Debug|x64 = Debug|x64
		Debug|x86 = Debug|x86
		Release|x64 = Release|x64
		Release|x86 = Release|x86
	EndGlobalSection
	GlobalSection(ProjectConfigurationPlatforms) = postSolution
		{D19F8E06-C727-4354-AFCF-D03F5E0FE6C7}.Debug|x64.ActiveCfg = Debug|x64
		{D19F8E06-C727-4354-AFCF-D03F5E0FE6C7}.Debug|x64.Build.0 = Debug|x64
		{D19F8E06-C727-4354-AFCF-D03F5E0FE6C7}.Debug|x86.ActiveCfg = Debug|Win32
		{D19F8E06-C727-4354-AFCF-D03F5E0FE6C7}.Debug|x86.Build.0 = Debug|Win32
		{D19F8E06-C727-4354-AFCF-D03F5E0FE6C7}.Release|x64.ActiveCfg = Release|x64
		{D19F8E06-C727-4354-AFCF-D03F5E0FE6C7}.Release|x64.Build.0 = Release|x64
		{D19F8E06-C727-4354-AFCF-D03F5E0FE6C7}.Release|x86.ActiveCfg = Release|Win32
		{D19F8E06-C727-4354-AFCF-D03F5E0FE6C7}.Release|x86.Build.0 = Release|Win32
		{82AAE1F1-5B8C-49F5-B61D-3D644EEC674C}.Debug|x64.ActiveCfg = Debug|x64
		{82AAE1F1-5B8C-49F5-B61D-3D644EEC674C}.Debug|x64.Build.0 = Debug|x64
		{82AAE1F1-5B8C-49F5-B61D-3D644EEC674C}.Debug|x86.ActiveCfg = Debug|Win32
		{82AAE1F1-5B8C-49F5-B61D-3D644EEC674C}.Debug|x86.Build.0 = Debug|Win32
		{82AAE1F1-5B8C-49F5-B61D-3D644EEC674C}.Release|x64.ActiveCfg = Release|x64
		{82AAE1F1-5B8C-49F5-B61D-3D644EEC674C}.Release|x64.Build.0 = Release|x64
		{82AAE1F1-5B8C-49F5-B61D-3D644EEC674C}.Release|x86.ActiveCfg = Release|Win32
		{82AAE1F1-5B8C-49F5-B61D-3D644EEC674C}.Release|x86.Build.0 = Release|Win32
		{0542AE04-0913-44E7-BD27-2977AF7E7EB1}.Debug|x64.ActiveCfg = Debug|x64
		{0542AE04-0913-44E7-BD27-2977AF7E7EB1}.Debug|x64.Build.0 = Debug|x64
		{0542AE04-0913-44E7-BD27-2977AF7E7EB1}.Debug|x86.ActiveCfg = Debug|Win32
		{0542AE04-0913-44E7-BD27-2977AF7E7EB1}.Debug|x86.Build.0 = Debug|Win32
		{0542AE04-0913-44E7-BD27-2977AF7E7EB1}.Release|x64.ActiveCfg = Release|x64
		{0542AE04-0913-44E7-BD27-2977AF7E7EB1}.Release|x64.Build.0 = Release|x64
		{0542AE04-0913-44E7-BD27-2977AF7E7EB1}.Release|x86.ActiveCfg = Release|Win32
		{0542AE04-0913-44E7-BD27-2977AF7E7EB1}.Release|x86.Build.0 = Release|Win32
		{DC6D5592-3D7C-4DC3-8BAC-0229117F05A1}.Debug|x64.ActiveCfg = Debug|x64
		{DC6D5592-3D7C-4DC3-8BAC-0229117F05A1}.Debug|x64.Build.0 = Debug|x64
		{DC6D5592-3D7C-4DC3-8BAC-0229117F05A1}.Debug|x86.ActiveCfg = Debug|Win32
		{DC6D5592-3D7C-4DC3-8BAC-0229117F05A1}.Debug|x86.Build.0 = Debug|Win32
		{DC6D5592-3D7C-4DC3-8BAC-0229117F05A1}.Release|x64.ActiveCfg = Release|x64
		{DC6D5592-3D7C-4DC3-8BAC-0229117F05A1}.Release|x64.Build.0 = Release|x64
		{DC6D5592-3D7C-4DC3-8BAC-0229117F05A1}.Release|x86.ActiveCfg = Release|Win32
		{DC6D5592-3D7C-4DC3-8BAC-0229117F05A1}.Release|x86.Build.0 = Release|Win32
	EndGlobalSection
	GlobalSection(SolutionProperties) = preSolution
		HideSolutionNode = FALSE
	EndGlobalSection
	GlobalSection(ExtensibilityGlobals) = postSolution
		SolutionGuid = {6B0F9951-0766-4E8D-8853-FE122703D678}
	EndGlobalSection
EndGlobal
