
Microsoft Visual Studio Solution File, Format Version 12.00
# Visual Studio 15
VisualStudioVersion = 15.0.27130.2010
MinimumVisualStudioVersion = 10.0.40219.1
Project("{8BC9CEB8-8B4A-11D0-8D11-00A0C91BC942}") = "10일차", "10일차\10일차.vcxproj", "{0413F2E3-4C07-488A-B3CA-920B395149B3}"
EndProject
Project("{8BC9CEB8-8B4A-11D0-8D11-00A0C91BC942}") = "10일차_1", "10일차_1\10일차_1.vcxproj", "{CA6A9FDF-1EB2-451D-AAB9-01CA354B67EE}"
EndProject
Project("{8BC9CEB8-8B4A-11D0-8D11-00A0C91BC942}") = "10일차_2", "10일차_2\10일차_2.vcxproj", "{93EA6C03-552D-4EDF-829D-F71B60FBF340}"
EndProject
Project("{8BC9CEB8-8B4A-11D0-8D11-00A0C91BC942}") = "10일차_3", "10일차_3\10일차_3.vcxproj", "{15372825-6B4D-406F-9815-454544AD61DE}"
EndProject
Project("{8BC9CEB8-8B4A-11D0-8D11-00A0C91BC942}") = "10일차_4", "10일차_4\10일차_4.vcxproj", "{DB6161F3-58DF-486B-98F6-F3C61D3173D8}"
EndProject
Project("{8BC9CEB8-8B4A-11D0-8D11-00A0C91BC942}") = "10일차_5", "10일차_5\10일차_5.vcxproj", "{7FCF5BC9-3105-43D5-861A-D25BA376E522}"
EndProject
Project("{8BC9CEB8-8B4A-11D0-8D11-00A0C91BC942}") = "10일차_6", "10일차_6\10일차_6.vcxproj", "{BBB8E85D-7765-4E7B-A7D1-2236D91D775C}"
EndProject
Project("{8BC9CEB8-8B4A-11D0-8D11-00A0C91BC942}") = "10일차_7", "10일차_7\10일차_7.vcxproj", "{8E91672B-9F8E-454C-A75A-3CAA1829CCF1}"
EndProject
Project("{8BC9CEB8-8B4A-11D0-8D11-00A0C91BC942}") = "10일차_8", "10일차_8\10일차_8.vcxproj", "{99014928-A12C-4332-9EBF-BE3A70466CEF}"
EndProject
Global
	GlobalSection(SolutionConfigurationPlatforms) = preSolution
		Debug|x64 = Debug|x64
		Debug|x86 = Debug|x86
		Release|x64 = Release|x64
		Release|x86 = Release|x86
	EndGlobalSection
	GlobalSection(ProjectConfigurationPlatforms) = postSolution
		{0413F2E3-4C07-488A-B3CA-920B395149B3}.Debug|x64.ActiveCfg = Debug|x64
		{0413F2E3-4C07-488A-B3CA-920B395149B3}.Debug|x64.Build.0 = Debug|x64
		{0413F2E3-4C07-488A-B3CA-920B395149B3}.Debug|x86.ActiveCfg = Debug|Win32
		{0413F2E3-4C07-488A-B3CA-920B395149B3}.Debug|x86.Build.0 = Debug|Win32
		{0413F2E3-4C07-488A-B3CA-920B395149B3}.Release|x64.ActiveCfg = Release|x64
		{0413F2E3-4C07-488A-B3CA-920B395149B3}.Release|x64.Build.0 = Release|x64
		{0413F2E3-4C07-488A-B3CA-920B395149B3}.Release|x86.ActiveCfg = Release|Win32
		{0413F2E3-4C07-488A-B3CA-920B395149B3}.Release|x86.Build.0 = Release|Win32
		{CA6A9FDF-1EB2-451D-AAB9-01CA354B67EE}.Debug|x64.ActiveCfg = Debug|x64
		{CA6A9FDF-1EB2-451D-AAB9-01CA354B67EE}.Debug|x64.Build.0 = Debug|x64
		{CA6A9FDF-1EB2-451D-AAB9-01CA354B67EE}.Debug|x86.ActiveCfg = Debug|Win32
		{CA6A9FDF-1EB2-451D-AAB9-01CA354B67EE}.Debug|x86.Build.0 = Debug|Win32
		{CA6A9FDF-1EB2-451D-AAB9-01CA354B67EE}.Release|x64.ActiveCfg = Release|x64
		{CA6A9FDF-1EB2-451D-AAB9-01CA354B67EE}.Release|x64.Build.0 = Release|x64
		{CA6A9FDF-1EB2-451D-AAB9-01CA354B67EE}.Release|x86.ActiveCfg = Release|Win32
		{CA6A9FDF-1EB2-451D-AAB9-01CA354B67EE}.Release|x86.Build.0 = Release|Win32
		{93EA6C03-552D-4EDF-829D-F71B60FBF340}.Debug|x64.ActiveCfg = Debug|x64
		{93EA6C03-552D-4EDF-829D-F71B60FBF340}.Debug|x64.Build.0 = Debug|x64
		{93EA6C03-552D-4EDF-829D-F71B60FBF340}.Debug|x86.ActiveCfg = Debug|Win32
		{93EA6C03-552D-4EDF-829D-F71B60FBF340}.Debug|x86.Build.0 = Debug|Win32
		{93EA6C03-552D-4EDF-829D-F71B60FBF340}.Release|x64.ActiveCfg = Release|x64
		{93EA6C03-552D-4EDF-829D-F71B60FBF340}.Release|x64.Build.0 = Release|x64
		{93EA6C03-552D-4EDF-829D-F71B60FBF340}.Release|x86.ActiveCfg = Release|Win32
		{93EA6C03-552D-4EDF-829D-F71B60FBF340}.Release|x86.Build.0 = Release|Win32
		{15372825-6B4D-406F-9815-454544AD61DE}.Debug|x64.ActiveCfg = Debug|x64
		{15372825-6B4D-406F-9815-454544AD61DE}.Debug|x64.Build.0 = Debug|x64
		{15372825-6B4D-406F-9815-454544AD61DE}.Debug|x86.ActiveCfg = Debug|Win32
		{15372825-6B4D-406F-9815-454544AD61DE}.Debug|x86.Build.0 = Debug|Win32
		{15372825-6B4D-406F-9815-454544AD61DE}.Release|x64.ActiveCfg = Release|x64
		{15372825-6B4D-406F-9815-454544AD61DE}.Release|x64.Build.0 = Release|x64
		{15372825-6B4D-406F-9815-454544AD61DE}.Release|x86.ActiveCfg = Release|Win32
		{15372825-6B4D-406F-9815-454544AD61DE}.Release|x86.Build.0 = Release|Win32
		{DB6161F3-58DF-486B-98F6-F3C61D3173D8}.Debug|x64.ActiveCfg = Debug|x64
		{DB6161F3-58DF-486B-98F6-F3C61D3173D8}.Debug|x64.Build.0 = Debug|x64
		{DB6161F3-58DF-486B-98F6-F3C61D3173D8}.Debug|x86.ActiveCfg = Debug|Win32
		{DB6161F3-58DF-486B-98F6-F3C61D3173D8}.Debug|x86.Build.0 = Debug|Win32
		{DB6161F3-58DF-486B-98F6-F3C61D3173D8}.Release|x64.ActiveCfg = Release|x64
		{DB6161F3-58DF-486B-98F6-F3C61D3173D8}.Release|x64.Build.0 = Release|x64
		{DB6161F3-58DF-486B-98F6-F3C61D3173D8}.Release|x86.ActiveCfg = Release|Win32
		{DB6161F3-58DF-486B-98F6-F3C61D3173D8}.Release|x86.Build.0 = Release|Win32
		{7FCF5BC9-3105-43D5-861A-D25BA376E522}.Debug|x64.ActiveCfg = Debug|x64
		{7FCF5BC9-3105-43D5-861A-D25BA376E522}.Debug|x64.Build.0 = Debug|x64
		{7FCF5BC9-3105-43D5-861A-D25BA376E522}.Debug|x86.ActiveCfg = Debug|Win32
		{7FCF5BC9-3105-43D5-861A-D25BA376E522}.Debug|x86.Build.0 = Debug|Win32
		{7FCF5BC9-3105-43D5-861A-D25BA376E522}.Release|x64.ActiveCfg = Release|x64
		{7FCF5BC9-3105-43D5-861A-D25BA376E522}.Release|x64.Build.0 = Release|x64
		{7FCF5BC9-3105-43D5-861A-D25BA376E522}.Release|x86.ActiveCfg = Release|Win32
		{7FCF5BC9-3105-43D5-861A-D25BA376E522}.Release|x86.Build.0 = Release|Win32
		{BBB8E85D-7765-4E7B-A7D1-2236D91D775C}.Debug|x64.ActiveCfg = Debug|x64
		{BBB8E85D-7765-4E7B-A7D1-2236D91D775C}.Debug|x64.Build.0 = Debug|x64
		{BBB8E85D-7765-4E7B-A7D1-2236D91D775C}.Debug|x86.ActiveCfg = Debug|Win32
		{BBB8E85D-7765-4E7B-A7D1-2236D91D775C}.Debug|x86.Build.0 = Debug|Win32
		{BBB8E85D-7765-4E7B-A7D1-2236D91D775C}.Release|x64.ActiveCfg = Release|x64
		{BBB8E85D-7765-4E7B-A7D1-2236D91D775C}.Release|x64.Build.0 = Release|x64
		{BBB8E85D-7765-4E7B-A7D1-2236D91D775C}.Release|x86.ActiveCfg = Release|Win32
		{BBB8E85D-7765-4E7B-A7D1-2236D91D775C}.Release|x86.Build.0 = Release|Win32
		{8E91672B-9F8E-454C-A75A-3CAA1829CCF1}.Debug|x64.ActiveCfg = Debug|x64
		{8E91672B-9F8E-454C-A75A-3CAA1829CCF1}.Debug|x64.Build.0 = Debug|x64
		{8E91672B-9F8E-454C-A75A-3CAA1829CCF1}.Debug|x86.ActiveCfg = Debug|Win32
		{8E91672B-9F8E-454C-A75A-3CAA1829CCF1}.Debug|x86.Build.0 = Debug|Win32
		{8E91672B-9F8E-454C-A75A-3CAA1829CCF1}.Release|x64.ActiveCfg = Release|x64
		{8E91672B-9F8E-454C-A75A-3CAA1829CCF1}.Release|x64.Build.0 = Release|x64
		{8E91672B-9F8E-454C-A75A-3CAA1829CCF1}.Release|x86.ActiveCfg = Release|Win32
		{8E91672B-9F8E-454C-A75A-3CAA1829CCF1}.Release|x86.Build.0 = Release|Win32
		{99014928-A12C-4332-9EBF-BE3A70466CEF}.Debug|x64.ActiveCfg = Debug|x64
		{99014928-A12C-4332-9EBF-BE3A70466CEF}.Debug|x64.Build.0 = Debug|x64
		{99014928-A12C-4332-9EBF-BE3A70466CEF}.Debug|x86.ActiveCfg = Debug|Win32
		{99014928-A12C-4332-9EBF-BE3A70466CEF}.Debug|x86.Build.0 = Debug|Win32
		{99014928-A12C-4332-9EBF-BE3A70466CEF}.Release|x64.ActiveCfg = Release|x64
		{99014928-A12C-4332-9EBF-BE3A70466CEF}.Release|x64.Build.0 = Release|x64
		{99014928-A12C-4332-9EBF-BE3A70466CEF}.Release|x86.ActiveCfg = Release|Win32
		{99014928-A12C-4332-9EBF-BE3A70466CEF}.Release|x86.Build.0 = Release|Win32
	EndGlobalSection
	GlobalSection(SolutionProperties) = preSolution
		HideSolutionNode = FALSE
	EndGlobalSection
	GlobalSection(ExtensibilityGlobals) = postSolution
		SolutionGuid = {66892931-66FC-4536-895F-C80E203B0FED}
	EndGlobalSection
EndGlobal
